
Microsoft Visual Studio Solution File, Format Version 12.00
# Visual Studio Version 17
VisualStudioVersion = 17.4.33213.308
MinimumVisualStudioVersion = 10.0.40219.1
Project("{FAE04EC0-301F-11D3-BF4B-00C04F79EFBC}") = "ThreadAndBuffer", "ThreadAndBuffer\ThreadAndBuffer.csproj", "{906CC8D6-397F-4E9A-B14B-EA8D7BF94118}"
EndProject
Global
	GlobalSection(SolutionConfigurationPlatforms) = preSolution
		Debug|Any CPU = Debug|Any CPU
		Release|Any CPU = Release|Any CPU
	EndGlobalSection
	GlobalSection(ProjectConfigurationPlatforms) = postSolution
		{906CC8D6-397F-4E9A-B14B-EA8D7BF94118}.Debug|Any CPU.ActiveCfg = Debug|Any CPU
		{906CC8D6-397F-4E9A-B14B-EA8D7BF94118}.Debug|Any CPU.Build.0 = Debug|Any CPU
		{906CC8D6-397F-4E9A-B14B-EA8D7BF94118}.Release|Any CPU.ActiveCfg = Release|Any CPU
		{906CC8D6-397F-4E9A-B14B-EA8D7BF94118}.Release|Any CPU.Build.0 = Release|Any CPU
	EndGlobalSection
	GlobalSection(SolutionProperties) = preSolution
		HideSolutionNode = FALSE
	EndGlobalSection
	GlobalSection(ExtensibilityGlobals) = postSolution
		SolutionGuid = {B5496CB8-87B3-4D79-A79D-1E3C4BD5D8F7}
	EndGlobalSection
EndGlobal
